
Microsoft Visual Studio Solution File, Format Version 12.00
# Visual Studio Version 16
VisualStudioVersion = 16.0.31624.102
MinimumVisualStudioVersion = 10.0.40219.1
Project("{FAE04EC0-301F-11D3-BF4B-00C04F79EFBC}") = "TeamProjectManagementSystem", "TeamProjectManagementSystem\TeamProjectManagementSystem.csproj", "{DA6DE3D0-DF00-4FCC-8D5F-8429D22E1CFC}"
EndProject
Global
	GlobalSection(SolutionConfigurationPlatforms) = preSolution
		Debug|Any CPU = Debug|Any CPU
		Release|Any CPU = Release|Any CPU
	EndGlobalSection
	GlobalSection(ProjectConfigurationPlatforms) = postSolution
		{DA6DE3D0-DF00-4FCC-8D5F-8429D22E1CFC}.Debug|Any CPU.ActiveCfg = Debug|Any CPU
		{DA6DE3D0-DF00-4FCC-8D5F-8429D22E1CFC}.Debug|Any CPU.Build.0 = Debug|Any CPU
		{DA6DE3D0-DF00-4FCC-8D5F-8429D22E1CFC}.Release|Any CPU.ActiveCfg = Release|Any CPU
		{DA6DE3D0-DF00-4FCC-8D5F-8429D22E1CFC}.Release|Any CPU.Build.0 = Release|Any CPU
	EndGlobalSection
	GlobalSection(SolutionProperties) = preSolution
		HideSolutionNode = FALSE
	EndGlobalSection
	GlobalSection(ExtensibilityGlobals) = postSolution
		SolutionGuid = {7606F735-5B16-4D54-997D-827C16297DF9}
	EndGlobalSection
EndGlobal
